
Microsoft Visual Studio Solution File, Format Version 12.00
# Visual Studio for Mac
Project("{FAE04EC0-301F-11D3-BF4B-00C04F79EFBC}") = "Assembly-CSharp", "Assembly-CSharp.csproj", "{B98D8396-4BE2-0764-0FD0-8697DF866178}"
EndProject
Project("{FAE04EC0-301F-11D3-BF4B-00C04F79EFBC}") = "Assembly-CSharp-Editor", "Assembly-CSharp-Editor.csproj", "{6FF1167C-09FC-A4D5-7A9C-A554E39DB9FA}"
EndProject
Global
	GlobalSection(SolutionConfigurationPlatforms) = preSolution
		Debug|Any CPU = Debug|Any CPU
		Release|Any CPU = Release|Any CPU
	EndGlobalSection
	GlobalSection(ProjectConfigurationPlatforms) = postSolution
		{B98D8396-4BE2-0764-0FD0-8697DF866178}.Debug|Any CPU.ActiveCfg = Debug|Any CPU
		{B98D8396-4BE2-0764-0FD0-8697DF866178}.Debug|Any CPU.Build.0 = Debug|Any CPU
		{B98D8396-4BE2-0764-0FD0-8697DF866178}.Release|Any CPU.ActiveCfg = Release|Any CPU
		{B98D8396-4BE2-0764-0FD0-8697DF866178}.Release|Any CPU.Build.0 = Release|Any CPU
		{6FF1167C-09FC-A4D5-7A9C-A554E39DB9FA}.Debug|Any CPU.ActiveCfg = Debug|Any CPU
		{6FF1167C-09FC-A4D5-7A9C-A554E39DB9FA}.Debug|Any CPU.Build.0 = Debug|Any CPU
		{6FF1167C-09FC-A4D5-7A9C-A554E39DB9FA}.Release|Any CPU.ActiveCfg = Release|Any CPU
		{6FF1167C-09FC-A4D5-7A9C-A554E39DB9FA}.Release|Any CPU.Build.0 = Release|Any CPU
	EndGlobalSection
	GlobalSection(SolutionProperties) = preSolution
		HideSolutionNode = FALSE
	EndGlobalSection
EndGlobal
